
Microsoft Visual Studio Solution File, Format Version 12.00
# Visual Studio 14
VisualStudioVersion = 14.0.25420.1
MinimumVisualStudioVersion = 10.0.40219.1
Project("{FAE04EC0-301F-11D3-BF4B-00C04F79EFBC}") = "TheSite", "TheSite\TheSite.csproj", "{AEA81111-C745-4C89-850C-48C207557003}"
EndProject
Project("{FAE04EC0-301F-11D3-BF4B-00C04F79EFBC}") = "TheSite.Tests", "TheSite.Tests\TheSite.Tests.csproj", "{63A66E40-9290-477A-8645-9A850FB99FBB}"
EndProject
Project("{FAE04EC0-301F-11D3-BF4B-00C04F79EFBC}") = "Domain", "Domain\Domain.csproj", "{87A1BF63-1F8D-4675-8533-37CD30904A0A}"
EndProject
Project("{2150E333-8FDC-42A3-9474-1A3956D46DE8}") = "SQLScripts", "SQLScripts", "{A5751723-F786-412B-9E3A-470A8A97F326}"
	ProjectSection(SolutionItems) = preProject
		..\..\..\Users\nico.becker\AppData\Local\Temp\Archdiocese_Update1.publish.sql = ..\..\..\Users\nico.becker\AppData\Local\Temp\Archdiocese_Update1.publish.sql
		..\..\..\Users\nico.becker\AppData\Local\Temp\Archdiocese_Update2.publish.sql = ..\..\..\Users\nico.becker\AppData\Local\Temp\Archdiocese_Update2.publish.sql
	EndProjectSection
EndProject
Global
	GlobalSection(SolutionConfigurationPlatforms) = preSolution
		Debug|Any CPU = Debug|Any CPU
		Release|Any CPU = Release|Any CPU
	EndGlobalSection
	GlobalSection(ProjectConfigurationPlatforms) = postSolution
		{AEA81111-C745-4C89-850C-48C207557003}.Debug|Any CPU.ActiveCfg = Debug|Any CPU
		{AEA81111-C745-4C89-850C-48C207557003}.Debug|Any CPU.Build.0 = Debug|Any CPU
		{AEA81111-C745-4C89-850C-48C207557003}.Release|Any CPU.ActiveCfg = Release|Any CPU
		{AEA81111-C745-4C89-850C-48C207557003}.Release|Any CPU.Build.0 = Release|Any CPU
		{63A66E40-9290-477A-8645-9A850FB99FBB}.Debug|Any CPU.ActiveCfg = Debug|Any CPU
		{63A66E40-9290-477A-8645-9A850FB99FBB}.Debug|Any CPU.Build.0 = Debug|Any CPU
		{63A66E40-9290-477A-8645-9A850FB99FBB}.Release|Any CPU.ActiveCfg = Release|Any CPU
		{63A66E40-9290-477A-8645-9A850FB99FBB}.Release|Any CPU.Build.0 = Release|Any CPU
		{87A1BF63-1F8D-4675-8533-37CD30904A0A}.Debug|Any CPU.ActiveCfg = Debug|Any CPU
		{87A1BF63-1F8D-4675-8533-37CD30904A0A}.Debug|Any CPU.Build.0 = Debug|Any CPU
		{87A1BF63-1F8D-4675-8533-37CD30904A0A}.Release|Any CPU.ActiveCfg = Release|Any CPU
		{87A1BF63-1F8D-4675-8533-37CD30904A0A}.Release|Any CPU.Build.0 = Release|Any CPU
	EndGlobalSection
	GlobalSection(SolutionProperties) = preSolution
		HideSolutionNode = FALSE
	EndGlobalSection
EndGlobal
